// !$*UTF8*$!
{
	archiveVersion = 1;
	classes = {
	};
	objectVersion = 55;
	objects = {

/* Begin PBXBuildFile section */
		161809FF2811A74C00E22D6C /* SweetCardScanner in Frameworks */ = {isa = PBXBuildFile; productRef = 161809FE2811A74C00E22D6C /* SweetCardScanner */; };
		164D31C3280B1B83009BE46C /* CustomCorner.swift in Sources */ = {isa = PBXBuildFile; fileRef = 164D31C2280B1B83009BE46C /* CustomCorner.swift */; };
		167CD6D82811AEBC00FE2CCF /* ResultView.swift in Sources */ = {isa = PBXBuildFile; fileRef = 167CD6D72811AEBC00FE2CCF /* ResultView.swift */; };
		167CD6E12811B77900FE2CCF /* AddCard.swift in Sources */ = {isa = PBXBuildFile; fileRef = 167CD6E02811B77900FE2CCF /* AddCard.swift */; };
		16A6414D280ACE920028C22B /* BankingAppApp.swift in Sources */ = {isa = PBXBuildFile; fileRef = 16A6414C280ACE920028C22B /* BankingAppApp.swift */; };
		16A6414F280ACE920028C22B /* ContentView.swift in Sources */ = {isa = PBXBuildFile; fileRef = 16A6414E280ACE920028C22B /* ContentView.swift */; };
		16A64151280ACE930028C22B /* Assets.xcassets in Resources */ = {isa = PBXBuildFile; fileRef = 16A64150280ACE930028C22B /* Assets.xcassets */; };
		16A64154280ACE930028C22B /* Preview Assets.xcassets in Resources */ = {isa = PBXBuildFile; fileRef = 16A64153280ACE930028C22B /* Preview Assets.xcassets */; };
		16A6415E280ACE940028C22B /* BankingAppTests.swift in Sources */ = {isa = PBXBuildFile; fileRef = 16A6415D280ACE940028C22B /* BankingAppTests.swift */; };
		16A64168280ACE940028C22B /* BankingAppUITests.swift in Sources */ = {isa = PBXBuildFile; fileRef = 16A64167280ACE940028C22B /* BankingAppUITests.swift */; };
		16A6416A280ACE940028C22B /* BankingAppUITestsLaunchTests.swift in Sources */ = {isa = PBXBuildFile; fileRef = 16A64169280ACE940028C22B /* BankingAppUITestsLaunchTests.swift */; };
		16A6417C280AD04F0028C22B /* Home.swift in Sources */ = {isa = PBXBuildFile; fileRef = 16A6417B280AD04F0028C22B /* Home.swift */; };
		16A6417E280AD0820028C22B /* ServiceCards.swift in Sources */ = {isa = PBXBuildFile; fileRef = 16A6417D280AD0820028C22B /* ServiceCards.swift */; };
		16EA2BC82811B99D0005035F /* SweetCardScanner in Frameworks */ = {isa = PBXBuildFile; productRef = 16EA2BC72811B99D0005035F /* SweetCardScanner */; };
		16EA2BCA2811E14D0005035F /* ColorCards.swift in Sources */ = {isa = PBXBuildFile; fileRef = 16EA2BC92811E14D0005035F /* ColorCards.swift */; };
/* End PBXBuildFile section */

/* Begin PBXContainerItemProxy section */
		16A6415A280ACE940028C22B /* PBXContainerItemProxy */ = {
			isa = PBXContainerItemProxy;
			containerPortal = 16A64141280ACE920028C22B /* Project object */;
			proxyType = 1;
			remoteGlobalIDString = 16A64148280ACE920028C22B;
			remoteInfo = BankingApp;
		};
		16A64164280ACE940028C22B /* PBXContainerItemProxy */ = {
			isa = PBXContainerItemProxy;
			containerPortal = 16A64141280ACE920028C22B /* Project object */;
			proxyType = 1;
			remoteGlobalIDString = 16A64148280ACE920028C22B;
			remoteInfo = BankingApp;
		};
/* End PBXContainerItemProxy section */

/* Begin PBXFileReference section */
		164D31C2280B1B83009BE46C /* CustomCorner.swift */ = {isa = PBXFileReference; lastKnownFileType = sourcecode.swift; path = CustomCorner.swift; sourceTree = "<group>"; };
		167CD6D72811AEBC00FE2CCF /* ResultView.swift */ = {isa = PBXFileReference; lastKnownFileType = sourcecode.swift; path = ResultView.swift; sourceTree = "<group>"; };
		167CD6E02811B77900FE2CCF /* AddCard.swift */ = {isa = PBXFileReference; lastKnownFileType = sourcecode.swift; path = AddCard.swift; sourceTree = "<group>"; };
		16A64149280ACE920028C22B /* BankingApp.app */ = {isa = PBXFileReference; explicitFileType = wrapper.application; includeInIndex = 0; path = BankingApp.app; sourceTree = BUILT_PRODUCTS_DIR; };
		16A6414C280ACE920028C22B /* BankingAppApp.swift */ = {isa = PBXFileReference; lastKnownFileType = sourcecode.swift; path = BankingAppApp.swift; sourceTree = "<group>"; };
		16A6414E280ACE920028C22B /* ContentView.swift */ = {isa = PBXFileReference; lastKnownFileType = sourcecode.swift; path = ContentView.swift; sourceTree = "<group>"; };
		16A64150280ACE930028C22B /* Assets.xcassets */ = {isa = PBXFileReference; lastKnownFileType = folder.assetcatalog; path = Assets.xcassets; sourceTree = "<group>"; };
		16A64153280ACE930028C22B /* Preview Assets.xcassets */ = {isa = PBXFileReference; lastKnownFileType = folder.assetcatalog; path = "Preview Assets.xcassets"; sourceTree = "<group>"; };
		16A64159280ACE940028C22B /* BankingAppTests.xctest */ = {isa = PBXFileReference; explicitFileType = wrapper.cfbundle; includeInIndex = 0; path = BankingAppTests.xctest; sourceTree = BUILT_PRODUCTS_DIR; };
		16A6415D280ACE940028C22B /* BankingAppTests.swift */ = {isa = PBXFileReference; lastKnownFileType = sourcecode.swift; path = BankingAppTests.swift; sourceTree = "<group>"; };
		16A64163280ACE940028C22B /* BankingAppUITests.xctest */ = {isa = PBXFileReference; explicitFileType = wrapper.cfbundle; includeInIndex = 0; path = BankingAppUITests.xctest; sourceTree = BUILT_PRODUCTS_DIR; };
		16A64167280ACE940028C22B /* BankingAppUITests.swift */ = {isa = PBXFileReference; lastKnownFileType = sourcecode.swift; path = BankingAppUITests.swift; sourceTree = "<group>"; };
		16A64169280ACE940028C22B /* BankingAppUITestsLaunchTests.swift */ = {isa = PBXFileReference; lastKnownFileType = sourcecode.swift; path = BankingAppUITestsLaunchTests.swift; sourceTree = "<group>"; };
		16A6417B280AD04F0028C22B /* Home.swift */ = {isa = PBXFileReference; lastKnownFileType = sourcecode.swift; path = Home.swift; sourceTree = "<group>"; };
		16A6417D280AD0820028C22B /* ServiceCards.swift */ = {isa = PBXFileReference; lastKnownFileType = sourcecode.swift; path = ServiceCards.swift; sourceTree = "<group>"; };
		16EA2BC92811E14D0005035F /* ColorCards.swift */ = {isa = PBXFileReference; lastKnownFileType = sourcecode.swift; path = ColorCards.swift; sourceTree = "<group>"; };
/* End PBXFileReference section */

/* Begin PBXFrameworksBuildPhase section */
		16A64146280ACE920028C22B /* Frameworks */ = {
			isa = PBXFrameworksBuildPhase;
			buildActionMask = 2147483647;
			files = (
				16EA2BC82811B99D0005035F /* SweetCardScanner in Frameworks */,
				161809FF2811A74C00E22D6C /* SweetCardScanner in Frameworks */,
			);
			runOnlyForDeploymentPostprocessing = 0;
		};
		16A64156280ACE940028C22B /* Frameworks */ = {
			isa = PBXFrameworksBuildPhase;
			buildActionMask = 2147483647;
			files = (
			);
			runOnlyForDeploymentPostprocessing = 0;
		};
		16A64160280ACE940028C22B /* Frameworks */ = {
			isa = PBXFrameworksBuildPhase;
			buildActionMask = 2147483647;
			files = (
			);
			runOnlyForDeploymentPostprocessing = 0;
		};
/* End PBXFrameworksBuildPhase section */

/* Begin PBXGroup section */
		16A64140280ACE920028C22B = {
			isa = PBXGroup;
			children = (
				16A6414B280ACE920028C22B /* BankingApp */,
				16A6415C280ACE940028C22B /* BankingAppTests */,
				16A64166280ACE940028C22B /* BankingAppUITests */,
				16A6414A280ACE920028C22B /* Products */,
			);
			sourceTree = "<group>";
		};
		16A6414A280ACE920028C22B /* Products */ = {
			isa = PBXGroup;
			children = (
				16A64149280ACE920028C22B /* BankingApp.app */,
				16A64159280ACE940028C22B /* BankingAppTests.xctest */,
				16A64163280ACE940028C22B /* BankingAppUITests.xctest */,
			);
			name = Products;
			sourceTree = "<group>";
		};
		16A6414B280ACE920028C22B /* BankingApp */ = {
			isa = PBXGroup;
			children = (
				16A64177280AD0180028C22B /* Model */,
				16A64176280AD00C0028C22B /* View */,
				16A6414C280ACE920028C22B /* BankingAppApp.swift */,
				16A6414E280ACE920028C22B /* ContentView.swift */,
				16A64150280ACE930028C22B /* Assets.xcassets */,
				16A64152280ACE930028C22B /* Preview Content */,
			);
			path = BankingApp;
			sourceTree = "<group>";
		};
		16A64152280ACE930028C22B /* Preview Content */ = {
			isa = PBXGroup;
			children = (
				16A64153280ACE930028C22B /* Preview Assets.xcassets */,
			);
			path = "Preview Content";
			sourceTree = "<group>";
		};
		16A6415C280ACE940028C22B /* BankingAppTests */ = {
			isa = PBXGroup;
			children = (
				16A6415D280ACE940028C22B /* BankingAppTests.swift */,
			);
			path = BankingAppTests;
			sourceTree = "<group>";
		};
		16A64166280ACE940028C22B /* BankingAppUITests */ = {
			isa = PBXGroup;
			children = (
				16A64167280ACE940028C22B /* BankingAppUITests.swift */,
				16A64169280ACE940028C22B /* BankingAppUITestsLaunchTests.swift */,
			);
			path = BankingAppUITests;
			sourceTree = "<group>";
		};
		16A64176280AD00C0028C22B /* View */ = {
			isa = PBXGroup;
			children = (
				16A6417B280AD04F0028C22B /* Home.swift */,
				164D31C2280B1B83009BE46C /* CustomCorner.swift */,
				167CD6E02811B77900FE2CCF /* AddCard.swift */,
			);
			path = View;
			sourceTree = "<group>";
		};
		16A64177280AD0180028C22B /* Model */ = {
			isa = PBXGroup;
			children = (
				16A6417D280AD0820028C22B /* ServiceCards.swift */,
				167CD6D72811AEBC00FE2CCF /* ResultView.swift */,
				16EA2BC92811E14D0005035F /* ColorCards.swift */,
			);
			path = Model;
			sourceTree = "<group>";
		};
/* End PBXGroup section */

/* Begin PBXNativeTarget section */
		16A64148280ACE920028C22B /* BankingApp */ = {
			isa = PBXNativeTarget;
			buildConfigurationList = 16A6416D280ACE940028C22B /* Build configuration list for PBXNativeTarget "BankingApp" */;
			buildPhases = (
				16A64145280ACE920028C22B /* Sources */,
				16A64146280ACE920028C22B /* Frameworks */,
				16A64147280ACE920028C22B /* Resources */,
			);
			buildRules = (
			);
			dependencies = (
			);
			name = BankingApp;
			packageProductDependencies = (
				161809FE2811A74C00E22D6C /* SweetCardScanner */,
				16EA2BC72811B99D0005035F /* SweetCardScanner */,
			);
			productName = BankingApp;
			productReference = 16A64149280ACE920028C22B /* BankingApp.app */;
			productType = "com.apple.product-type.application";
		};
		16A64158280ACE940028C22B /* BankingAppTests */ = {
			isa = PBXNativeTarget;
			buildConfigurationList = 16A64170280ACE940028C22B /* Build configuration list for PBXNativeTarget "BankingAppTests" */;
			buildPhases = (
				16A64155280ACE940028C22B /* Sources */,
				16A64156280ACE940028C22B /* Frameworks */,
				16A64157280ACE940028C22B /* Resources */,
			);
			buildRules = (
			);
			dependencies = (
				16A6415B280ACE940028C22B /* PBXTargetDependency */,
			);
			name = BankingAppTests;
			productName = BankingAppTests;
			productReference = 16A64159280ACE940028C22B /* BankingAppTests.xctest */;
			productType = "com.apple.product-type.bundle.unit-test";
		};
		16A64162280ACE940028C22B /* BankingAppUITests */ = {
			isa = PBXNativeTarget;
			buildConfigurationList = 16A64173280ACE940028C22B /* Build configuration list for PBXNativeTarget "BankingAppUITests" */;
			buildPhases = (
				16A6415F280ACE940028C22B /* Sources */,
				16A64160280ACE940028C22B /* Frameworks */,
				16A64161280ACE940028C22B /* Resources */,
			);
			buildRules = (
			);
			dependencies = (
				16A64165280ACE940028C22B /* PBXTargetDependency */,
			);
			name = BankingAppUITests;
			productName = BankingAppUITests;
			productReference = 16A64163280ACE940028C22B /* BankingAppUITests.xctest */;
			productType = "com.apple.product-type.bundle.ui-testing";
		};
/* End PBXNativeTarget section */

/* Begin PBXProject section */
		16A64141280ACE920028C22B /* Project object */ = {
			isa = PBXProject;
			attributes = {
				BuildIndependentTargetsInParallel = 1;
				LastSwiftUpdateCheck = 1330;
				LastUpgradeCheck = 1330;
				TargetAttributes = {
					16A64148280ACE920028C22B = {
						CreatedOnToolsVersion = 13.3;
					};
					16A64158280ACE940028C22B = {
						CreatedOnToolsVersion = 13.3;
						TestTargetID = 16A64148280ACE920028C22B;
					};
					16A64162280ACE940028C22B = {
						CreatedOnToolsVersion = 13.3;
						TestTargetID = 16A64148280ACE920028C22B;
					};
				};
			};
			buildConfigurationList = 16A64144280ACE920028C22B /* Build configuration list for PBXProject "BankingApp" */;
			compatibilityVersion = "Xcode 13.0";
			developmentRegion = en;
			hasScannedForEncodings = 0;
			knownRegions = (
				en,
				Base,
			);
			mainGroup = 16A64140280ACE920028C22B;
			packageReferences = (
				161809FD2811A74C00E22D6C /* XCRemoteSwiftPackageReference "SweetCardScanner" */,
				16EA2BC62811B99D0005035F /* XCRemoteSwiftPackageReference "SweetCardScanner" */,
			);
			productRefGroup = 16A6414A280ACE920028C22B /* Products */;
			projectDirPath = "";
			projectRoot = "";
			targets = (
				16A64148280ACE920028C22B /* BankingApp */,
				16A64158280ACE940028C22B /* BankingAppTests */,
				16A64162280ACE940028C22B /* BankingAppUITests */,
			);
		};
/* End PBXProject section */

/* Begin PBXResourcesBuildPhase section */
		16A64147280ACE920028C22B /* Resources */ = {
			isa = PBXResourcesBuildPhase;
			buildActionMask = 2147483647;
			files = (
				16A64154280ACE930028C22B /* Preview Assets.xcassets in Resources */,
				16A64151280ACE930028C22B /* Assets.xcassets in Resources */,
			);
			runOnlyForDeploymentPostprocessing = 0;
		};
		16A64157280ACE940028C22B /* Resources */ = {
			isa = PBXResourcesBuildPhase;
			buildActionMask = 2147483647;
			files = (
			);
			runOnlyForDeploymentPostprocessing = 0;
		};
		16A64161280ACE940028C22B /* Resources */ = {
			isa = PBXResourcesBuildPhase;
			buildActionMask = 2147483647;
			files = (
			);
			runOnlyForDeploymentPostprocessing = 0;
		};
/* End PBXResourcesBuildPhase section */

/* Begin PBXSourcesBuildPhase section */
		16A64145280ACE920028C22B /* Sources */ = {
			isa = PBXSourcesBuildPhase;
			buildActionMask = 2147483647;
			files = (
				16A6414F280ACE920028C22B /* ContentView.swift in Sources */,
				164D31C3280B1B83009BE46C /* CustomCorner.swift in Sources */,
				167CD6E12811B77900FE2CCF /* AddCard.swift in Sources */,
				16A6417C280AD04F0028C22B /* Home.swift in Sources */,
				16A6414D280ACE920028C22B /* BankingAppApp.swift in Sources */,
				167CD6D82811AEBC00FE2CCF /* ResultView.swift in Sources */,
				16A6417E280AD0820028C22B /* ServiceCards.swift in Sources */,
				16EA2BCA2811E14D0005035F /* ColorCards.swift in Sources */,
			);
			runOnlyForDeploymentPostprocessing = 0;
		};
		16A64155280ACE940028C22B /* Sources */ = {
			isa = PBXSourcesBuildPhase;
			buildActionMask = 2147483647;
			files = (
				16A6415E280ACE940028C22B /* BankingAppTests.swift in Sources */,
			);
			runOnlyForDeploymentPostprocessing = 0;
		};
		16A6415F280ACE940028C22B /* Sources */ = {
			isa = PBXSourcesBuildPhase;
			buildActionMask = 2147483647;
			files = (
				16A64168280ACE940028C22B /* BankingAppUITests.swift in Sources */,
				16A6416A280ACE940028C22B /* BankingAppUITestsLaunchTests.swift in Sources */,
			);
			runOnlyForDeploymentPostprocessing = 0;
		};
/* End PBXSourcesBuildPhase section */

/* Begin PBXTargetDependency section */
		16A6415B280ACE940028C22B /* PBXTargetDependency */ = {
			isa = PBXTargetDependency;
			target = 16A64148280ACE920028C22B /* BankingApp */;
			targetProxy = 16A6415A280ACE940028C22B /* PBXContainerItemProxy */;
		};
		16A64165280ACE940028C22B /* PBXTargetDependency */ = {
			isa = PBXTargetDependency;
			target = 16A64148280ACE920028C22B /* BankingApp */;
			targetProxy = 16A64164280ACE940028C22B /* PBXContainerItemProxy */;
		};
/* End PBXTargetDependency section */

/* Begin XCBuildConfiguration section */
		16A6416B280ACE940028C22B /* Debug */ = {
			isa = XCBuildConfiguration;
			buildSettings = {
				ALWAYS_SEARCH_USER_PATHS = NO;
				CLANG_ANALYZER_NONNULL = YES;
				CLANG_ANALYZER_NUMBER_OBJECT_CONVERSION = YES_AGGRESSIVE;
				CLANG_CXX_LANGUAGE_STANDARD = "gnu++17";
				CLANG_ENABLE_MODULES = YES;
				CLANG_ENABLE_OBJC_ARC = YES;
				CLANG_ENABLE_OBJC_WEAK = YES;
				CLANG_WARN_BLOCK_CAPTURE_AUTORELEASING = YES;
				CLANG_WARN_BOOL_CONVERSION = YES;
				CLANG_WARN_COMMA = YES;
				CLANG_WARN_CONSTANT_CONVERSION = YES;
				CLANG_WARN_DEPRECATED_OBJC_IMPLEMENTATIONS = YES;
				CLANG_WARN_DIRECT_OBJC_ISA_USAGE = YES_ERROR;
				CLANG_WARN_DOCUMENTATION_COMMENTS = YES;
				CLANG_WARN_EMPTY_BODY = YES;
				CLANG_WARN_ENUM_CONVERSION = YES;
				CLANG_WARN_INFINITE_RECURSION = YES;
				CLANG_WARN_INT_CONVERSION = YES;
				CLANG_WARN_NON_LITERAL_NULL_CONVERSION = YES;
				CLANG_WARN_OBJC_IMPLICIT_RETAIN_SELF = YES;
				CLANG_WARN_OBJC_LITERAL_CONVERSION = YES;
				CLANG_WARN_OBJC_ROOT_CLASS = YES_ERROR;
				CLANG_WARN_QUOTED_INCLUDE_IN_FRAMEWORK_HEADER = YES;
				CLANG_WARN_RANGE_LOOP_ANALYSIS = YES;
				CLANG_WARN_STRICT_PROTOTYPES = YES;
				CLANG_WARN_SUSPICIOUS_MOVE = YES;
				CLANG_WARN_UNGUARDED_AVAILABILITY = YES_AGGRESSIVE;
				CLANG_WARN_UNREACHABLE_CODE = YES;
				CLANG_WARN__DUPLICATE_METHOD_MATCH = YES;
				COPY_PHASE_STRIP = NO;
				DEBUG_INFORMATION_FORMAT = dwarf;
				ENABLE_STRICT_OBJC_MSGSEND = YES;
				ENABLE_TESTABILITY = YES;
				GCC_C_LANGUAGE_STANDARD = gnu11;
				GCC_DYNAMIC_NO_PIC = NO;
				GCC_NO_COMMON_BLOCKS = YES;
				GCC_OPTIMIZATION_LEVEL = 0;
				GCC_PREPROCESSOR_DEFINITIONS = (
					"DEBUG=1",
					"$(inherited)",
				);
				GCC_WARN_64_TO_32_BIT_CONVERSION = YES;
				GCC_WARN_ABOUT_RETURN_TYPE = YES_ERROR;
				GCC_WARN_UNDECLARED_SELECTOR = YES;
				GCC_WARN_UNINITIALIZED_AUTOS = YES_AGGRESSIVE;
				GCC_WARN_UNUSED_FUNCTION = YES;
				GCC_WARN_UNUSED_VARIABLE = YES;
				IPHONEOS_DEPLOYMENT_TARGET = 15.4;
				MTL_ENABLE_DEBUG_INFO = INCLUDE_SOURCE;
				MTL_FAST_MATH = YES;
				ONLY_ACTIVE_ARCH = YES;
				SDKROOT = iphoneos;
				SWIFT_ACTIVE_COMPILATION_CONDITIONS = DEBUG;
				SWIFT_OPTIMIZATION_LEVEL = "-Onone";
			};
			name = Debug;
		};
		16A6416C280ACE940028C22B /* Release */ = {
			isa = XCBuildConfiguration;
			buildSettings = {
				ALWAYS_SEARCH_USER_PATHS = NO;
				CLANG_ANALYZER_NONNULL = YES;
				CLANG_ANALYZER_NUMBER_OBJECT_CONVERSION = YES_AGGRESSIVE;
				CLANG_CXX_LANGUAGE_STANDARD = "gnu++17";
				CLANG_ENABLE_MODULES = YES;
				CLANG_ENABLE_OBJC_ARC = YES;
				CLANG_ENABLE_OBJC_WEAK = YES;
				CLANG_WARN_BLOCK_CAPTURE_AUTORELEASING = YES;
				CLANG_WARN_BOOL_CONVERSION = YES;
				CLANG_WARN_COMMA = YES;
				CLANG_WARN_CONSTANT_CONVERSION = YES;
				CLANG_WARN_DEPRECATED_OBJC_IMPLEMENTATIONS = YES;
				CLANG_WARN_DIRECT_OBJC_ISA_USAGE = YES_ERROR;
				CLANG_WARN_DOCUMENTATION_COMMENTS = YES;
				CLANG_WARN_EMPTY_BODY = YES;
				CLANG_WARN_ENUM_CONVERSION = YES;
				CLANG_WARN_INFINITE_RECURSION = YES;
				CLANG_WARN_INT_CONVERSION = YES;
				CLANG_WARN_NON_LITERAL_NULL_CONVERSION = YES;
				CLANG_WARN_OBJC_IMPLICIT_RETAIN_SELF = YES;
				CLANG_WARN_OBJC_LITERAL_CONVERSION = YES;
				CLANG_WARN_OBJC_ROOT_CLASS = YES_ERROR;
				CLANG_WARN_QUOTED_INCLUDE_IN_FRAMEWORK_HEADER = YES;
				CLANG_WARN_RANGE_LOOP_ANALYSIS = YES;
				CLANG_WARN_STRICT_PROTOTYPES = YES;
				CLANG_WARN_SUSPICIOUS_MOVE = YES;
				CLANG_WARN_UNGUARDED_AVAILABILITY = YES_AGGRESSIVE;
				CLANG_WARN_UNREACHABLE_CODE = YES;
				CLANG_WARN__DUPLICATE_METHOD_MATCH = YES;
				COPY_PHASE_STRIP = NO;
				DEBUG_INFORMATION_FORMAT = "dwarf-with-dsym";
				ENABLE_NS_ASSERTIONS = NO;
				ENABLE_STRICT_OBJC_MSGSEND = YES;
				GCC_C_LANGUAGE_STANDARD = gnu11;
				GCC_NO_COMMON_BLOCKS = YES;
				GCC_WARN_64_TO_32_BIT_CONVERSION = YES;
				GCC_WARN_ABOUT_RETURN_TYPE = YES_ERROR;
				GCC_WARN_UNDECLARED_SELECTOR = YES;
				GCC_WARN_UNINITIALIZED_AUTOS = YES_AGGRESSIVE;
				GCC_WARN_UNUSED_FUNCTION = YES;
				GCC_WARN_UNUSED_VARIABLE = YES;
				IPHONEOS_DEPLOYMENT_TARGET = 15.4;
				MTL_ENABLE_DEBUG_INFO = NO;
				MTL_FAST_MATH = YES;
				SDKROOT = iphoneos;
				SWIFT_COMPILATION_MODE = wholemodule;
				SWIFT_OPTIMIZATION_LEVEL = "-O";
				VALIDATE_PRODUCT = YES;
			};
			name = Release;
		};
		16A6416E280ACE940028C22B /* Debug */ = {
			isa = XCBuildConfiguration;
			buildSettings = {
				ASSETCATALOG_COMPILER_APPICON_NAME = AppIcon;
				ASSETCATALOG_COMPILER_GLOBAL_ACCENT_COLOR_NAME = AccentColor;
				CODE_SIGN_STYLE = Automatic;
				CURRENT_PROJECT_VERSION = 1;
				DEVELOPMENT_ASSET_PATHS = "\"BankingApp/Preview Content\"";
				DEVELOPMENT_TEAM = 89N8FG485P;
				ENABLE_PREVIEWS = YES;
				GENERATE_INFOPLIST_FILE = YES;
				INFOPLIST_KEY_NFCReaderUsageDescription = "NFC scan usage description";
				INFOPLIST_KEY_NSCameraUsageDescription = "To add card";
				INFOPLIST_KEY_NSFaceIDUsageDescription = "To unlock app";
				INFOPLIST_KEY_UIApplicationSceneManifest_Generation = YES;
				INFOPLIST_KEY_UIApplicationSupportsIndirectInputEvents = YES;
				INFOPLIST_KEY_UILaunchScreen_Generation = YES;
				INFOPLIST_KEY_UISupportedInterfaceOrientations_iPad = "UIInterfaceOrientationPortrait UIInterfaceOrientationPortraitUpsideDown UIInterfaceOrientationLandscapeLeft UIInterfaceOrientationLandscapeRight";
				INFOPLIST_KEY_UISupportedInterfaceOrientations_iPhone = "UIInterfaceOrientationPortrait UIInterfaceOrientationLandscapeLeft UIInterfaceOrientationLandscapeRight";
				IPHONEOS_DEPLOYMENT_TARGET = 15.0;
				LD_RUNPATH_SEARCH_PATHS = (
					"$(inherited)",
					"@executable_path/Frameworks",
				);
				MARKETING_VERSION = 1.0;
				PRODUCT_BUNDLE_IDENTIFIER = Isac.BankingApp;
				PRODUCT_NAME = "$(TARGET_NAME)";
				SWIFT_EMIT_LOC_STRINGS = YES;
				SWIFT_VERSION = 5.0;
				TARGETED_DEVICE_FAMILY = "1,2";
			};
			name = Debug;
		};
		16A6416F280ACE940028C22B /* Release */ = {
			isa = XCBuildConfiguration;
			buildSettings = {
				ASSETCATALOG_COMPILER_APPICON_NAME = AppIcon;
				ASSETCATALOG_COMPILER_GLOBAL_ACCENT_COLOR_NAME = AccentColor;
				CODE_SIGN_STYLE = Automatic;
				CURRENT_PROJECT_VERSION = 1;
				DEVELOPMENT_ASSET_PATHS = "\"BankingApp/Preview Content\"";
				DEVELOPMENT_TEAM = 89N8FG485P;
				ENABLE_PREVIEWS = YES;
				GENERATE_INFOPLIST_FILE = YES;
				INFOPLIST_KEY_NFCReaderUsageDescription = "NFC scan usage description";
				INFOPLIST_KEY_NSCameraUsageDescription = "To add card";
				INFOPLIST_KEY_NSFaceIDUsageDescription = "To unlock app";
				INFOPLIST_KEY_UIApplicationSceneManifest_Generation = YES;
				INFOPLIST_KEY_UIApplicationSupportsIndirectInputEvents = YES;
				INFOPLIST_KEY_UILaunchScreen_Generation = YES;
				INFOPLIST_KEY_UISupportedInterfaceOrientations_iPad = "UIInterfaceOrientationPortrait UIInterfaceOrientationPortraitUpsideDown UIInterfaceOrientationLandscapeLeft UIInterfaceOrientationLandscapeRight";
				INFOPLIST_KEY_UISupportedInterfaceOrientations_iPhone = "UIInterfaceOrientationPortrait UIInterfaceOrientationLandscapeLeft UIInterfaceOrientationLandscapeRight";
				IPHONEOS_DEPLOYMENT_TARGET = 15.0;
				LD_RUNPATH_SEARCH_PATHS = (
					"$(inherited)",
					"@executable_path/Frameworks",
				);
				MARKETING_VERSION = 1.0;
				PRODUCT_BUNDLE_IDENTIFIER = Isac.BankingApp;
				PRODUCT_NAME = "$(TARGET_NAME)";
				SWIFT_EMIT_LOC_STRINGS = YES;
				SWIFT_VERSION = 5.0;
				TARGETED_DEVICE_FAMILY = "1,2";
			};
			name = Release;
		};
		16A64171280ACE940028C22B /* Debug */ = {
			isa = XCBuildConfiguration;
			buildSettings = {
				ALWAYS_EMBED_SWIFT_STANDARD_LIBRARIES = YES;
				BUNDLE_LOADER = "$(TEST_HOST)";
				CODE_SIGN_STYLE = Automatic;
				CURRENT_PROJECT_VERSION = 1;
				DEVELOPMENT_TEAM = 89N8FG485P;
				GENERATE_INFOPLIST_FILE = YES;
				IPHONEOS_DEPLOYMENT_TARGET = 15.4;
				MARKETING_VERSION = 1.0;
				PRODUCT_BUNDLE_IDENTIFIER = Isac.BankingAppTests;
				PRODUCT_NAME = "$(TARGET_NAME)";
				SWIFT_EMIT_LOC_STRINGS = NO;
				SWIFT_VERSION = 5.0;
				TARGETED_DEVICE_FAMILY = "1,2";
				TEST_HOST = "$(BUILT_PRODUCTS_DIR)/BankingApp.app/BankingApp";
			};
			name = Debug;
		};
		16A64172280ACE940028C22B /* Release */ = {
			isa = XCBuildConfiguration;
			buildSettings = {
				ALWAYS_EMBED_SWIFT_STANDARD_LIBRARIES = YES;
				BUNDLE_LOADER = "$(TEST_HOST)";
				CODE_SIGN_STYLE = Automatic;
				CURRENT_PROJECT_VERSION = 1;
				DEVELOPMENT_TEAM = 89N8FG485P;
				GENERATE_INFOPLIST_FILE = YES;
				IPHONEOS_DEPLOYMENT_TARGET = 15.4;
				MARKETING_VERSION = 1.0;
				PRODUCT_BUNDLE_IDENTIFIER = Isac.BankingAppTests;
				PRODUCT_NAME = "$(TARGET_NAME)";
				SWIFT_EMIT_LOC_STRINGS = NO;
				SWIFT_VERSION = 5.0;
				TARGETED_DEVICE_FAMILY = "1,2";
				TEST_HOST = "$(BUILT_PRODUCTS_DIR)/BankingApp.app/BankingApp";
			};
			name = Release;
		};
		16A64174280ACE940028C22B /* Debug */ = {
			isa = XCBuildConfiguration;
			buildSettings = {
				ALWAYS_EMBED_SWIFT_STANDARD_LIBRARIES = YES;
				CODE_SIGN_STYLE = Automatic;
				CURRENT_PROJECT_VERSION = 1;
				DEVELOPMENT_TEAM = 89N8FG485P;
				GENERATE_INFOPLIST_FILE = YES;
				MARKETING_VERSION = 1.0;
				PRODUCT_BUNDLE_IDENTIFIER = Isac.BankingAppUITests;
				PRODUCT_NAME = "$(TARGET_NAME)";
				SWIFT_EMIT_LOC_STRINGS = NO;
				SWIFT_VERSION = 5.0;
				TARGETED_DEVICE_FAMILY = "1,2";
				TEST_TARGET_NAME = BankingApp;
			};
			name = Debug;
		};
		16A64175280ACE940028C22B /* Release */ = {
			isa = XCBuildConfiguration;
			buildSettings = {
				ALWAYS_EMBED_SWIFT_STANDARD_LIBRARIES = YES;
				CODE_SIGN_STYLE = Automatic;
				CURRENT_PROJECT_VERSION = 1;
				DEVELOPMENT_TEAM = 89N8FG485P;
				GENERATE_INFOPLIST_FILE = YES;
				MARKETING_VERSION = 1.0;
				PRODUCT_BUNDLE_IDENTIFIER = Isac.BankingAppUITests;
				PRODUCT_NAME = "$(TARGET_NAME)";
				SWIFT_EMIT_LOC_STRINGS = NO;
				SWIFT_VERSION = 5.0;
				TARGETED_DEVICE_FAMILY = "1,2";
				TEST_TARGET_NAME = BankingApp;
			};
			name = Release;
		};
/* End XCBuildConfiguration section */

/* Begin XCConfigurationList section */
		16A64144280ACE920028C22B /* Build configuration list for PBXProject "BankingApp" */ = {
			isa = XCConfigurationList;
			buildConfigurations = (
				16A6416B280ACE940028C22B /* Debug */,
				16A6416C280ACE940028C22B /* Release */,
			);
			defaultConfigurationIsVisible = 0;
			defaultConfigurationName = Release;
		};
		16A6416D280ACE940028C22B /* Build configuration list for PBXNativeTarget "BankingApp" */ = {
			isa = XCConfigurationList;
			buildConfigurations = (
				16A6416E280ACE940028C22B /* Debug */,
				16A6416F280ACE940028C22B /* Release */,
			);
			defaultConfigurationIsVisible = 0;
			defaultConfigurationName = Release;
		};
		16A64170280ACE940028C22B /* Build configuration list for PBXNativeTarget "BankingAppTests" */ = {
			isa = XCConfigurationList;
			buildConfigurations = (
				16A64171280ACE940028C22B /* Debug */,
				16A64172280ACE940028C22B /* Release */,
			);
			defaultConfigurationIsVisible = 0;
			defaultConfigurationName = Release;
		};
		16A64173280ACE940028C22B /* Build configuration list for PBXNativeTarget "BankingAppUITests" */ = {
			isa = XCConfigurationList;
			buildConfigurations = (
				16A64174280ACE940028C22B /* Debug */,
				16A64175280ACE940028C22B /* Release */,
			);
			defaultConfigurationIsVisible = 0;
			defaultConfigurationName = Release;
		};
/* End XCConfigurationList section */

/* Begin XCRemoteSwiftPackageReference section */
		161809FD2811A74C00E22D6C /* XCRemoteSwiftPackageReference "SweetCardScanner" */ = {
			isa = XCRemoteSwiftPackageReference;
			repositoryURL = "https://github.com/aaronLab/SweetCardScanner.git";
			requirement = {
				kind = upToNextMajorVersion;
				minimumVersion = 0.1.3;
			};
		};
		16EA2BC62811B99D0005035F /* XCRemoteSwiftPackageReference "SweetCardScanner" */ = {
			isa = XCRemoteSwiftPackageReference;
			repositoryURL = "https://github.com/aaronLab/SweetCardScanner.git";
			requirement = {
				branch = main;
				kind = branch;
			};
		};
/* End XCRemoteSwiftPackageReference section */

/* Begin XCSwiftPackageProductDependency section */
		161809FE2811A74C00E22D6C /* SweetCardScanner */ = {
			isa = XCSwiftPackageProductDependency;
			package = 161809FD2811A74C00E22D6C /* XCRemoteSwiftPackageReference "SweetCardScanner" */;
			productName = SweetCardScanner;
		};
		16EA2BC72811B99D0005035F /* SweetCardScanner */ = {
			isa = XCSwiftPackageProductDependency;
			package = 16EA2BC62811B99D0005035F /* XCRemoteSwiftPackageReference "SweetCardScanner" */;
			productName = SweetCardScanner;
		};
/* End XCSwiftPackageProductDependency section */
	};
	rootObject = 16A64141280ACE920028C22B /* Project object */;
}
